
Microsoft Visual Studio Solution File, Format Version 12.00
# Visual Studio 15
VisualStudioVersion = 15.0.28010.2036
MinimumVisualStudioVersion = 10.0.40219.1
Project("{8BC9CEB8-8B4A-11D0-8D11-00A0C91BC942}") = "file_mover", "file_mover\file_mover.vcxproj", "{DAEF7679-DFC0-43D2-9F9B-560CB4FBB4AA}"
EndProject
Global
	GlobalSection(SolutionConfigurationPlatforms) = preSolution
		Debug|x64 = Debug|x64
		Debug|x86 = Debug|x86
		Release|x64 = Release|x64
		Release|x86 = Release|x86
	EndGlobalSection
	GlobalSection(ProjectConfigurationPlatforms) = postSolution
		{DAEF7679-DFC0-43D2-9F9B-560CB4FBB4AA}.Debug|x64.ActiveCfg = Debug|x64
		{DAEF7679-DFC0-43D2-9F9B-560CB4FBB4AA}.Debug|x64.Build.0 = Debug|x64
		{DAEF7679-DFC0-43D2-9F9B-560CB4FBB4AA}.Debug|x86.ActiveCfg = Debug|Win32
		{DAEF7679-DFC0-43D2-9F9B-560CB4FBB4AA}.Debug|x86.Build.0 = Debug|Win32
		{DAEF7679-DFC0-43D2-9F9B-560CB4FBB4AA}.Release|x64.ActiveCfg = Release|x64
		{DAEF7679-DFC0-43D2-9F9B-560CB4FBB4AA}.Release|x64.Build.0 = Release|x64
		{DAEF7679-DFC0-43D2-9F9B-560CB4FBB4AA}.Release|x86.ActiveCfg = Release|Win32
		{DAEF7679-DFC0-43D2-9F9B-560CB4FBB4AA}.Release|x86.Build.0 = Release|Win32
	EndGlobalSection
	GlobalSection(SolutionProperties) = preSolution
		HideSolutionNode = FALSE
	EndGlobalSection
	GlobalSection(ExtensibilityGlobals) = postSolution
		SolutionGuid = {6C69D132-3734-4EF2-9635-A996A12AE06E}
	EndGlobalSection
EndGlobal
